// !$*UTF8*$!
{
	archiveVersion = 1;
	classes = {
	};
	objectVersion = 56;
	objects = {

/* Begin PBXBuildFile section */
		33B107022A46D0E600AD0325 /* My_AppApp.swift in Sources */ = {isa = PBXBuildFile; fileRef = 33B107012A46D0E600AD0325 /* My_AppApp.swift */; };
		33B107042A46D0E600AD0325 /* ContentView.swift in Sources */ = {isa = PBXBuildFile; fileRef = 33B107032A46D0E600AD0325 /* ContentView.swift */; };
		33B107062A46D0E800AD0325 /* Assets.xcassets in Resources */ = {isa = PBXBuildFile; fileRef = 33B107052A46D0E800AD0325 /* Assets.xcassets */; };
		33B1070A2A46D0E800AD0325 /* Preview Assets.xcassets in Resources */ = {isa = PBXBuildFile; fileRef = 33B107092A46D0E800AD0325 /* Preview Assets.xcassets */; };
		33B107142A46D0E800AD0325 /* My_AppTests.swift in Sources */ = {isa = PBXBuildFile; fileRef = 33B107132A46D0E800AD0325 /* My_AppTests.swift */; };
		33B1071E2A46D0E800AD0325 /* My_AppUITests.swift in Sources */ = {isa = PBXBuildFile; fileRef = 33B1071D2A46D0E800AD0325 /* My_AppUITests.swift */; };
		33B107202A46D0E800AD0325 /* My_AppUITestsLaunchTests.swift in Sources */ = {isa = PBXBuildFile; fileRef = 33B1071F2A46D0E800AD0325 /* My_AppUITestsLaunchTests.swift */; };
/* End PBXBuildFile section */

/* Begin PBXContainerItemProxy section */
		33B107102A46D0E800AD0325 /* PBXContainerItemProxy */ = {
			isa = PBXContainerItemProxy;
			containerPortal = 33B106F62A46D0E600AD0325 /* Project object */;
			proxyType = 1;
			remoteGlobalIDString = 33B106FD2A46D0E600AD0325;
			remoteInfo = "My App";
		};
		33B1071A2A46D0E800AD0325 /* PBXContainerItemProxy */ = {
			isa = PBXContainerItemProxy;
			containerPortal = 33B106F62A46D0E600AD0325 /* Project object */;
			proxyType = 1;
			remoteGlobalIDString = 33B106FD2A46D0E600AD0325;
			remoteInfo = "My App";
		};
/* End PBXContainerItemProxy section */

/* Begin PBXFileReference section */
		33B106FE2A46D0E600AD0325 /* My App.app */ = {isa = PBXFileReference; explicitFileType = wrapper.application; includeInIndex = 0; path = "My App.app"; sourceTree = BUILT_PRODUCTS_DIR; };
		33B107012A46D0E600AD0325 /* My_AppApp.swift */ = {isa = PBXFileReference; lastKnownFileType = sourcecode.swift; path = My_AppApp.swift; sourceTree = "<group>"; };
		33B107032A46D0E600AD0325 /* ContentView.swift */ = {isa = PBXFileReference; lastKnownFileType = sourcecode.swift; path = ContentView.swift; sourceTree = "<group>"; };
		33B107052A46D0E800AD0325 /* Assets.xcassets */ = {isa = PBXFileReference; lastKnownFileType = folder.assetcatalog; path = Assets.xcassets; sourceTree = "<group>"; };
		33B107072A46D0E800AD0325 /* My_App.entitlements */ = {isa = PBXFileReference; lastKnownFileType = text.plist.entitlements; path = My_App.entitlements; sourceTree = "<group>"; };
		33B107092A46D0E800AD0325 /* Preview Assets.xcassets */ = {isa = PBXFileReference; lastKnownFileType = folder.assetcatalog; path = "Preview Assets.xcassets"; sourceTree = "<group>"; };
		33B1070F2A46D0E800AD0325 /* My AppTests.xctest */ = {isa = PBXFileReference; explicitFileType = wrapper.cfbundle; includeInIndex = 0; path = "My AppTests.xctest"; sourceTree = BUILT_PRODUCTS_DIR; };
		33B107132A46D0E800AD0325 /* My_AppTests.swift */ = {isa = PBXFileReference; lastKnownFileType = sourcecode.swift; path = My_AppTests.swift; sourceTree = "<group>"; };
		33B107192A46D0E800AD0325 /* My AppUITests.xctest */ = {isa = PBXFileReference; explicitFileType = wrapper.cfbundle; includeInIndex = 0; path = "My AppUITests.xctest"; sourceTree = BUILT_PRODUCTS_DIR; };
		33B1071D2A46D0E800AD0325 /* My_AppUITests.swift */ = {isa = PBXFileReference; lastKnownFileType = sourcecode.swift; path = My_AppUITests.swift; sourceTree = "<group>"; };
		33B1071F2A46D0E800AD0325 /* My_AppUITestsLaunchTests.swift */ = {isa = PBXFileReference; lastKnownFileType = sourcecode.swift; path = My_AppUITestsLaunchTests.swift; sourceTree = "<group>"; };
/* End PBXFileReference section */

/* Begin PBXFrameworksBuildPhase section */
		33B106FB2A46D0E600AD0325 /* Frameworks */ = {
			isa = PBXFrameworksBuildPhase;
			buildActionMask = 2147483647;
			files = (
			);
			runOnlyForDeploymentPostprocessing = 0;
		};
		33B1070C2A46D0E800AD0325 /* Frameworks */ = {
			isa = PBXFrameworksBuildPhase;
			buildActionMask = 2147483647;
			files = (
			);
			runOnlyForDeploymentPostprocessing = 0;
		};
		33B107162A46D0E800AD0325 /* Frameworks */ = {
			isa = PBXFrameworksBuildPhase;
			buildActionMask = 2147483647;
			files = (
			);
			runOnlyForDeploymentPostprocessing = 0;
		};
/* End PBXFrameworksBuildPhase section */

/* Begin PBXGroup section */
		33B106F52A46D0E600AD0325 = {
			isa = PBXGroup;
			children = (
				33B107002A46D0E600AD0325 /* My App */,
				33B107122A46D0E800AD0325 /* My AppTests */,
				33B1071C2A46D0E800AD0325 /* My AppUITests */,
				33B106FF2A46D0E600AD0325 /* Products */,
			);
			sourceTree = "<group>";
		};
		33B106FF2A46D0E600AD0325 /* Products */ = {
			isa = PBXGroup;
			children = (
				33B106FE2A46D0E600AD0325 /* My App.app */,
				33B1070F2A46D0E800AD0325 /* My AppTests.xctest */,
				33B107192A46D0E800AD0325 /* My AppUITests.xctest */,
			);
			name = Products;
			sourceTree = "<group>";
		};
		33B107002A46D0E600AD0325 /* My App */ = {
			isa = PBXGroup;
			children = (
				33B107012A46D0E600AD0325 /* My_AppApp.swift */,
				33B107032A46D0E600AD0325 /* ContentView.swift */,
				33B107052A46D0E800AD0325 /* Assets.xcassets */,
				33B107072A46D0E800AD0325 /* My_App.entitlements */,
				33B107082A46D0E800AD0325 /* Preview Content */,
			);
			path = "My App";
			sourceTree = "<group>";
		};
		33B107082A46D0E800AD0325 /* Preview Content */ = {
			isa = PBXGroup;
			children = (
				33B107092A46D0E800AD0325 /* Preview Assets.xcassets */,
			);
			path = "Preview Content";
			sourceTree = "<group>";
		};
		33B107122A46D0E800AD0325 /* My AppTests */ = {
			isa = PBXGroup;
			children = (
				33B107132A46D0E800AD0325 /* My_AppTests.swift */,
			);
			path = "My AppTests";
			sourceTree = "<group>";
		};
		33B1071C2A46D0E800AD0325 /* My AppUITests */ = {
			isa = PBXGroup;
			children = (
				33B1071D2A46D0E800AD0325 /* My_AppUITests.swift */,
				33B1071F2A46D0E800AD0325 /* My_AppUITestsLaunchTests.swift */,
			);
			path = "My AppUITests";
			sourceTree = "<group>";
		};
/* End PBXGroup section */

/* Begin PBXNativeTarget section */
		33B106FD2A46D0E600AD0325 /* My App */ = {
			isa = PBXNativeTarget;
			buildConfigurationList = 33B107232A46D0E800AD0325 /* Build configuration list for PBXNativeTarget "My App" */;
			buildPhases = (
				33B106FA2A46D0E600AD0325 /* Sources */,
				33B106FB2A46D0E600AD0325 /* Frameworks */,
				33B106FC2A46D0E600AD0325 /* Resources */,
			);
			buildRules = (
			);
			dependencies = (
			);
			name = "My App";
			productName = "My App";
			productReference = 33B106FE2A46D0E600AD0325 /* My App.app */;
			productType = "com.apple.product-type.application";
		};
		33B1070E2A46D0E800AD0325 /* My AppTests */ = {
			isa = PBXNativeTarget;
			buildConfigurationList = 33B107262A46D0E800AD0325 /* Build configuration list for PBXNativeTarget "My AppTests" */;
			buildPhases = (
				33B1070B2A46D0E800AD0325 /* Sources */,
				33B1070C2A46D0E800AD0325 /* Frameworks */,
				33B1070D2A46D0E800AD0325 /* Resources */,
			);
			buildRules = (
			);
			dependencies = (
				33B107112A46D0E800AD0325 /* PBXTargetDependency */,
			);
			name = "My AppTests";
			productName = "My AppTests";
			productReference = 33B1070F2A46D0E800AD0325 /* My AppTests.xctest */;
			productType = "com.apple.product-type.bundle.unit-test";
		};
		33B107182A46D0E800AD0325 /* My AppUITests */ = {
			isa = PBXNativeTarget;
			buildConfigurationList = 33B107292A46D0E800AD0325 /* Build configuration list for PBXNativeTarget "My AppUITests" */;
			buildPhases = (
				33B107152A46D0E800AD0325 /* Sources */,
				33B107162A46D0E800AD0325 /* Frameworks */,
				33B107172A46D0E800AD0325 /* Resources */,
			);
			buildRules = (
			);
			dependencies = (
				33B1071B2A46D0E800AD0325 /* PBXTargetDependency */,
			);
			name = "My AppUITests";
			productName = "My AppUITests";
			productReference = 33B107192A46D0E800AD0325 /* My AppUITests.xctest */;
			productType = "com.apple.product-type.bundle.ui-testing";
		};
/* End PBXNativeTarget section */

/* Begin PBXProject section */
		33B106F62A46D0E600AD0325 /* Project object */ = {
			isa = PBXProject;
			attributes = {
				BuildIndependentTargetsInParallel = 1;
				LastSwiftUpdateCheck = 1430;
				LastUpgradeCheck = 1430;
				TargetAttributes = {
					33B106FD2A46D0E600AD0325 = {
						CreatedOnToolsVersion = 14.3.1;
					};
					33B1070E2A46D0E800AD0325 = {
						CreatedOnToolsVersion = 14.3.1;
						TestTargetID = 33B106FD2A46D0E600AD0325;
					};
					33B107182A46D0E800AD0325 = {
						CreatedOnToolsVersion = 14.3.1;
						TestTargetID = 33B106FD2A46D0E600AD0325;
					};
				};
			};
			buildConfigurationList = 33B106F92A46D0E600AD0325 /* Build configuration list for PBXProject "My App" */;
			compatibilityVersion = "Xcode 14.0";
			developmentRegion = en;
			hasScannedForEncodings = 0;
			knownRegions = (
				en,
				Base,
			);
			mainGroup = 33B106F52A46D0E600AD0325;
			productRefGroup = 33B106FF2A46D0E600AD0325 /* Products */;
			projectDirPath = "";
			projectRoot = "";
			targets = (
				33B106FD2A46D0E600AD0325 /* My App */,
				33B1070E2A46D0E800AD0325 /* My AppTests */,
				33B107182A46D0E800AD0325 /* My AppUITests */,
			);
		};
/* End PBXProject section */

/* Begin PBXResourcesBuildPhase section */
		33B106FC2A46D0E600AD0325 /* Resources */ = {
			isa = PBXResourcesBuildPhase;
			buildActionMask = 2147483647;
			files = (
				33B1070A2A46D0E800AD0325 /* Preview Assets.xcassets in Resources */,
				33B107062A46D0E800AD0325 /* Assets.xcassets in Resources */,
			);
			runOnlyForDeploymentPostprocessing = 0;
		};
		33B1070D2A46D0E800AD0325 /* Resources */ = {
			isa = PBXResourcesBuildPhase;
			buildActionMask = 2147483647;
			files = (
			);
			runOnlyForDeploymentPostprocessing = 0;
		};
		33B107172A46D0E800AD0325 /* Resources */ = {
			isa = PBXResourcesBuildPhase;
			buildActionMask = 2147483647;
			files = (
			);
			runOnlyForDeploymentPostprocessing = 0;
		};
/* End PBXResourcesBuildPhase section */

/* Begin PBXSourcesBuildPhase section */
		33B106FA2A46D0E600AD0325 /* Sources */ = {
			isa = PBXSourcesBuildPhase;
			buildActionMask = 2147483647;
			files = (
				33B107042A46D0E600AD0325 /* ContentView.swift in Sources */,
				33B107022A46D0E600AD0325 /* My_AppApp.swift in Sources */,
			);
			runOnlyForDeploymentPostprocessing = 0;
		};
		33B1070B2A46D0E800AD0325 /* Sources */ = {
			isa = PBXSourcesBuildPhase;
			buildActionMask = 2147483647;
			files = (
				33B107142A46D0E800AD0325 /* My_AppTests.swift in Sources */,
			);
			runOnlyForDeploymentPostprocessing = 0;
		};
		33B107152A46D0E800AD0325 /* Sources */ = {
			isa = PBXSourcesBuildPhase;
			buildActionMask = 2147483647;
			files = (
				33B107202A46D0E800AD0325 /* My_AppUITestsLaunchTests.swift in Sources */,
				33B1071E2A46D0E800AD0325 /* My_AppUITests.swift in Sources */,
			);
			runOnlyForDeploymentPostprocessing = 0;
		};
/* End PBXSourcesBuildPhase section */

/* Begin PBXTargetDependency section */
		33B107112A46D0E800AD0325 /* PBXTargetDependency */ = {
			isa = PBXTargetDependency;
			target = 33B106FD2A46D0E600AD0325 /* My App */;
			targetProxy = 33B107102A46D0E800AD0325 /* PBXContainerItemProxy */;
		};
		33B1071B2A46D0E800AD0325 /* PBXTargetDependency */ = {
			isa = PBXTargetDependency;
			target = 33B106FD2A46D0E600AD0325 /* My App */;
			targetProxy = 33B1071A2A46D0E800AD0325 /* PBXContainerItemProxy */;
		};
/* End PBXTargetDependency section */

/* Begin XCBuildConfiguration section */
		33B107212A46D0E800AD0325 /* Debug */ = {
			isa = XCBuildConfiguration;
			buildSettings = {
				ALWAYS_SEARCH_USER_PATHS = NO;
				CLANG_ANALYZER_NONNULL = YES;
				CLANG_ANALYZER_NUMBER_OBJECT_CONVERSION = YES_AGGRESSIVE;
				CLANG_CXX_LANGUAGE_STANDARD = "gnu++20";
				CLANG_ENABLE_MODULES = YES;
				CLANG_ENABLE_OBJC_ARC = YES;
				CLANG_ENABLE_OBJC_WEAK = YES;
				CLANG_WARN_BLOCK_CAPTURE_AUTORELEASING = YES;
				CLANG_WARN_BOOL_CONVERSION = YES;
				CLANG_WARN_COMMA = YES;
				CLANG_WARN_CONSTANT_CONVERSION = YES;
				CLANG_WARN_DEPRECATED_OBJC_IMPLEMENTATIONS = YES;
				CLANG_WARN_DIRECT_OBJC_ISA_USAGE = YES_ERROR;
				CLANG_WARN_DOCUMENTATION_COMMENTS = YES;
				CLANG_WARN_EMPTY_BODY = YES;
				CLANG_WARN_ENUM_CONVERSION = YES;
				CLANG_WARN_INFINITE_RECURSION = YES;
				CLANG_WARN_INT_CONVERSION = YES;
				CLANG_WARN_NON_LITERAL_NULL_CONVERSION = YES;
				CLANG_WARN_OBJC_IMPLICIT_RETAIN_SELF = YES;
				CLANG_WARN_OBJC_LITERAL_CONVERSION = YES;
				CLANG_WARN_OBJC_ROOT_CLASS = YES_ERROR;
				CLANG_WARN_QUOTED_INCLUDE_IN_FRAMEWORK_HEADER = YES;
				CLANG_WARN_RANGE_LOOP_ANALYSIS = YES;
				CLANG_WARN_STRICT_PROTOTYPES = YES;
				CLANG_WARN_SUSPICIOUS_MOVE = YES;
				CLANG_WARN_UNGUARDED_AVAILABILITY = YES_AGGRESSIVE;
				CLANG_WARN_UNREACHABLE_CODE = YES;
				CLANG_WARN__DUPLICATE_METHOD_MATCH = YES;
				COPY_PHASE_STRIP = NO;
				DEBUG_INFORMATION_FORMAT = dwarf;
				ENABLE_STRICT_OBJC_MSGSEND = YES;
				ENABLE_TESTABILITY = YES;
				GCC_C_LANGUAGE_STANDARD = gnu11;
				GCC_DYNAMIC_NO_PIC = NO;
				GCC_NO_COMMON_BLOCKS = YES;
				GCC_OPTIMIZATION_LEVEL = 0;
				GCC_PREPROCESSOR_DEFINITIONS = (
					"DEBUG=1",
					"$(inherited)",
				);
				GCC_WARN_64_TO_32_BIT_CONVERSION = YES;
				GCC_WARN_ABOUT_RETURN_TYPE = YES_ERROR;
				GCC_WARN_UNDECLARED_SELECTOR = YES;
				GCC_WARN_UNINITIALIZED_AUTOS = YES_AGGRESSIVE;
				GCC_WARN_UNUSED_FUNCTION = YES;
				GCC_WARN_UNUSED_VARIABLE = YES;
				MTL_ENABLE_DEBUG_INFO = INCLUDE_SOURCE;
				MTL_FAST_MATH = YES;
				ONLY_ACTIVE_ARCH = YES;
				SWIFT_ACTIVE_COMPILATION_CONDITIONS = DEBUG;
				SWIFT_OPTIMIZATION_LEVEL = "-Onone";
			};
			name = Debug;
		};
		33B107222A46D0E800AD0325 /* Release */ = {
			isa = XCBuildConfiguration;
			buildSettings = {
				ALWAYS_SEARCH_USER_PATHS = NO;
				CLANG_ANALYZER_NONNULL = YES;
				CLANG_ANALYZER_NUMBER_OBJECT_CONVERSION = YES_AGGRESSIVE;
				CLANG_CXX_LANGUAGE_STANDARD = "gnu++20";
				CLANG_ENABLE_MODULES = YES;
				CLANG_ENABLE_OBJC_ARC = YES;
				CLANG_ENABLE_OBJC_WEAK = YES;
				CLANG_WARN_BLOCK_CAPTURE_AUTORELEASING = YES;
				CLANG_WARN_BOOL_CONVERSION = YES;
				CLANG_WARN_COMMA = YES;
				CLANG_WARN_CONSTANT_CONVERSION = YES;
				CLANG_WARN_DEPRECATED_OBJC_IMPLEMENTATIONS = YES;
				CLANG_WARN_DIRECT_OBJC_ISA_USAGE = YES_ERROR;
				CLANG_WARN_DOCUMENTATION_COMMENTS = YES;
				CLANG_WARN_EMPTY_BODY = YES;
				CLANG_WARN_ENUM_CONVERSION = YES;
				CLANG_WARN_INFINITE_RECURSION = YES;
				CLANG_WARN_INT_CONVERSION = YES;
				CLANG_WARN_NON_LITERAL_NULL_CONVERSION = YES;
				CLANG_WARN_OBJC_IMPLICIT_RETAIN_SELF = YES;
				CLANG_WARN_OBJC_LITERAL_CONVERSION = YES;
				CLANG_WARN_OBJC_ROOT_CLASS = YES_ERROR;
				CLANG_WARN_QUOTED_INCLUDE_IN_FRAMEWORK_HEADER = YES;
				CLANG_WARN_RANGE_LOOP_ANALYSIS = YES;
				CLANG_WARN_STRICT_PROTOTYPES = YES;
				CLANG_WARN_SUSPICIOUS_MOVE = YES;
				CLANG_WARN_UNGUARDED_AVAILABILITY = YES_AGGRESSIVE;
				CLANG_WARN_UNREACHABLE_CODE = YES;
				CLANG_WARN__DUPLICATE_METHOD_MATCH = YES;
				COPY_PHASE_STRIP = NO;
				DEBUG_INFORMATION_FORMAT = "dwarf-with-dsym";
				ENABLE_NS_ASSERTIONS = NO;
				ENABLE_STRICT_OBJC_MSGSEND = YES;
				GCC_C_LANGUAGE_STANDARD = gnu11;
				GCC_NO_COMMON_BLOCKS = YES;
				GCC_WARN_64_TO_32_BIT_CONVERSION = YES;
				GCC_WARN_ABOUT_RETURN_TYPE = YES_ERROR;
				GCC_WARN_UNDECLARED_SELECTOR = YES;
				GCC_WARN_UNINITIALIZED_AUTOS = YES_AGGRESSIVE;
				GCC_WARN_UNUSED_FUNCTION = YES;
				GCC_WARN_UNUSED_VARIABLE = YES;
				MTL_ENABLE_DEBUG_INFO = NO;
				MTL_FAST_MATH = YES;
				SWIFT_COMPILATION_MODE = wholemodule;
				SWIFT_OPTIMIZATION_LEVEL = "-O";
			};
			name = Release;
		};
		33B107242A46D0E800AD0325 /* Debug */ = {
			isa = XCBuildConfiguration;
			buildSettings = {
				ASSETCATALOG_COMPILER_APPICON_NAME = AppIcon;
				ASSETCATALOG_COMPILER_GLOBAL_ACCENT_COLOR_NAME = AccentColor;
				CODE_SIGN_ENTITLEMENTS = "My App/My_App.entitlements";
				CODE_SIGN_STYLE = Automatic;
				CURRENT_PROJECT_VERSION = 1;
				DEVELOPMENT_ASSET_PATHS = "\"My App/Preview Content\"";
				DEVELOPMENT_TEAM = L3NS8D6L5K;
				ENABLE_HARDENED_RUNTIME = YES;
				ENABLE_PREVIEWS = YES;
				GENERATE_INFOPLIST_FILE = YES;
				INFOPLIST_KEY_CFBundleDisplayName = "Flag Riseing";
				"INFOPLIST_KEY_UIApplicationSceneManifest_Generation[sdk=iphoneos*]" = YES;
				"INFOPLIST_KEY_UIApplicationSceneManifest_Generation[sdk=iphonesimulator*]" = YES;
				"INFOPLIST_KEY_UIApplicationSupportsIndirectInputEvents[sdk=iphoneos*]" = YES;
				"INFOPLIST_KEY_UIApplicationSupportsIndirectInputEvents[sdk=iphonesimulator*]" = YES;
				"INFOPLIST_KEY_UILaunchScreen_Generation[sdk=iphoneos*]" = YES;
				"INFOPLIST_KEY_UILaunchScreen_Generation[sdk=iphonesimulator*]" = YES;
				"INFOPLIST_KEY_UIStatusBarStyle[sdk=iphoneos*]" = UIStatusBarStyleDefault;
				"INFOPLIST_KEY_UIStatusBarStyle[sdk=iphonesimulator*]" = UIStatusBarStyleDefault;
				INFOPLIST_KEY_UISupportedInterfaceOrientations_iPad = "UIInterfaceOrientationPortrait UIInterfaceOrientationPortraitUpsideDown UIInterfaceOrientationLandscapeLeft UIInterfaceOrientationLandscapeRight";
				INFOPLIST_KEY_UISupportedInterfaceOrientations_iPhone = "UIInterfaceOrientationPortrait UIInterfaceOrientationLandscapeLeft UIInterfaceOrientationLandscapeRight";
				IPHONEOS_DEPLOYMENT_TARGET = 16.4;
				LD_RUNPATH_SEARCH_PATHS = "@executable_path/Frameworks";
				"LD_RUNPATH_SEARCH_PATHS[sdk=macosx*]" = "@executable_path/../Frameworks";
				MACOSX_DEPLOYMENT_TARGET = 13.3;
				MARKETING_VERSION = 1.0;
				PRODUCT_BUNDLE_IDENTIFIER = "com.Awadh.My-App";
				PRODUCT_NAME = "$(TARGET_NAME)";
				SDKROOT = auto;
				SUPPORTED_PLATFORMS = "iphoneos iphonesimulator";
				SUPPORTS_MACCATALYST = NO;
				SUPPORTS_MAC_DESIGNED_FOR_IPHONE_IPAD = NO;
				SWIFT_EMIT_LOC_STRINGS = YES;
				SWIFT_VERSION = 5.0;
				TARGETED_DEVICE_FAMILY = "1,2";
			};
			name = Debug;
		};
		33B107252A46D0E800AD0325 /* Release */ = {
			isa = XCBuildConfiguration;
			buildSettings = {
				ASSETCATALOG_COMPILER_APPICON_NAME = AppIcon;
				ASSETCATALOG_COMPILER_GLOBAL_ACCENT_COLOR_NAME = AccentColor;
				CODE_SIGN_ENTITLEMENTS = "My App/My_App.entitlements";
				CODE_SIGN_STYLE = Automatic;
				CURRENT_PROJECT_VERSION = 1;
				DEVELOPMENT_ASSET_PATHS = "\"My App/Preview Content\"";
				DEVELOPMENT_TEAM = L3NS8D6L5K;
				ENABLE_HARDENED_RUNTIME = YES;
				ENABLE_PREVIEWS = YES;
				GENERATE_INFOPLIST_FILE = YES;
				INFOPLIST_KEY_CFBundleDisplayName = "Flag Riseing";
				"INFOPLIST_KEY_UIApplicationSceneManifest_Generation[sdk=iphoneos*]" = YES;
				"INFOPLIST_KEY_UIApplicationSceneManifest_Generation[sdk=iphonesimulator*]" = YES;
				"INFOPLIST_KEY_UIApplicationSupportsIndirectInputEvents[sdk=iphoneos*]" = YES;
				"INFOPLIST_KEY_UIApplicationSupportsIndirectInputEvents[sdk=iphonesimulator*]" = YES;
				"INFOPLIST_KEY_UILaunchScreen_Generation[sdk=iphoneos*]" = YES;
				"INFOPLIST_KEY_UILaunchScreen_Generation[sdk=iphonesimulator*]" = YES;
				"INFOPLIST_KEY_UIStatusBarStyle[sdk=iphoneos*]" = UIStatusBarStyleDefault;
				"INFOPLIST_KEY_UIStatusBarStyle[sdk=iphonesimulator*]" = UIStatusBarStyleDefault;
				INFOPLIST_KEY_UISupportedInterfaceOrientations_iPad = "UIInterfaceOrientationPortrait UIInterfaceOrientationPortraitUpsideDown UIInterfaceOrientationLandscapeLeft UIInterfaceOrientationLandscapeRight";
				INFOPLIST_KEY_UISupportedInterfaceOrientations_iPhone = "UIInterfaceOrientationPortrait UIInterfaceOrientationLandscapeLeft UIInterfaceOrientationLandscapeRight";
				IPHONEOS_DEPLOYMENT_TARGET = 16.4;
				LD_RUNPATH_SEARCH_PATHS = "@executable_path/Frameworks";
				"LD_RUNPATH_SEARCH_PATHS[sdk=macosx*]" = "@executable_path/../Frameworks";
				MACOSX_DEPLOYMENT_TARGET = 13.3;
				MARKETING_VERSION = 1.0;
				PRODUCT_BUNDLE_IDENTIFIER = "com.Awadh.My-App";
				PRODUCT_NAME = "$(TARGET_NAME)";
				SDKROOT = auto;
				SUPPORTED_PLATFORMS = "iphoneos iphonesimulator";
				SUPPORTS_MACCATALYST = NO;
				SUPPORTS_MAC_DESIGNED_FOR_IPHONE_IPAD = NO;
				SWIFT_EMIT_LOC_STRINGS = YES;
				SWIFT_VERSION = 5.0;
				TARGETED_DEVICE_FAMILY = "1,2";
			};
			name = Release;
		};
		33B107272A46D0E800AD0325 /* Debug */ = {
			isa = XCBuildConfiguration;
			buildSettings = {
				ALWAYS_EMBED_SWIFT_STANDARD_LIBRARIES = YES;
				BUNDLE_LOADER = "$(TEST_HOST)";
				CODE_SIGN_STYLE = Automatic;
				CURRENT_PROJECT_VERSION = 1;
				DEVELOPMENT_TEAM = L3NS8D6L5K;
				GENERATE_INFOPLIST_FILE = YES;
				IPHONEOS_DEPLOYMENT_TARGET = 16.4;
				MACOSX_DEPLOYMENT_TARGET = 13.3;
				MARKETING_VERSION = 1.0;
				PRODUCT_BUNDLE_IDENTIFIER = "com.Awadh.My-AppTests";
				PRODUCT_NAME = "$(TARGET_NAME)";
				SDKROOT = auto;
				SUPPORTED_PLATFORMS = "iphoneos iphonesimulator macosx";
				SWIFT_EMIT_LOC_STRINGS = NO;
				SWIFT_VERSION = 5.0;
				TARGETED_DEVICE_FAMILY = "1,2";
				TEST_HOST = "$(BUILT_PRODUCTS_DIR)/My App.app/$(BUNDLE_EXECUTABLE_FOLDER_PATH)/My App";
			};
			name = Debug;
		};
		33B107282A46D0E800AD0325 /* Release */ = {
			isa = XCBuildConfiguration;
			buildSettings = {
				ALWAYS_EMBED_SWIFT_STANDARD_LIBRARIES = YES;
				BUNDLE_LOADER = "$(TEST_HOST)";
				CODE_SIGN_STYLE = Automatic;
				CURRENT_PROJECT_VERSION = 1;
				DEVELOPMENT_TEAM = L3NS8D6L5K;
				GENERATE_INFOPLIST_FILE = YES;
				IPHONEOS_DEPLOYMENT_TARGET = 16.4;
				MACOSX_DEPLOYMENT_TARGET = 13.3;
				MARKETING_VERSION = 1.0;
				PRODUCT_BUNDLE_IDENTIFIER = "com.Awadh.My-AppTests";
				PRODUCT_NAME = "$(TARGET_NAME)";
				SDKROOT = auto;
				SUPPORTED_PLATFORMS = "iphoneos iphonesimulator macosx";
				SWIFT_EMIT_LOC_STRINGS = NO;
				SWIFT_VERSION = 5.0;
				TARGETED_DEVICE_FAMILY = "1,2";
				TEST_HOST = "$(BUILT_PRODUCTS_DIR)/My App.app/$(BUNDLE_EXECUTABLE_FOLDER_PATH)/My App";
			};
			name = Release;
		};
		33B1072A2A46D0E800AD0325 /* Debug */ = {
			isa = XCBuildConfiguration;
			buildSettings = {
				ALWAYS_EMBED_SWIFT_STANDARD_LIBRARIES = YES;
				CODE_SIGN_STYLE = Automatic;
				CURRENT_PROJECT_VERSION = 1;
				DEVELOPMENT_TEAM = L3NS8D6L5K;
				GENERATE_INFOPLIST_FILE = YES;
				IPHONEOS_DEPLOYMENT_TARGET = 16.4;
				MACOSX_DEPLOYMENT_TARGET = 13.3;
				MARKETING_VERSION = 1.0;
				PRODUCT_BUNDLE_IDENTIFIER = "com.Awadh.My-AppUITests";
				PRODUCT_NAME = "$(TARGET_NAME)";
				SDKROOT = auto;
				SUPPORTED_PLATFORMS = "iphoneos iphonesimulator macosx";
				SWIFT_EMIT_LOC_STRINGS = NO;
				SWIFT_VERSION = 5.0;
				TARGETED_DEVICE_FAMILY = "1,2";
				TEST_TARGET_NAME = "My App";
			};
			name = Debug;
		};
		33B1072B2A46D0E800AD0325 /* Release */ = {
			isa = XCBuildConfiguration;
			buildSettings = {
				ALWAYS_EMBED_SWIFT_STANDARD_LIBRARIES = YES;
				CODE_SIGN_STYLE = Automatic;
				CURRENT_PROJECT_VERSION = 1;
				DEVELOPMENT_TEAM = L3NS8D6L5K;
				GENERATE_INFOPLIST_FILE = YES;
				IPHONEOS_DEPLOYMENT_TARGET = 16.4;
				MACOSX_DEPLOYMENT_TARGET = 13.3;
				MARKETING_VERSION = 1.0;
				PRODUCT_BUNDLE_IDENTIFIER = "com.Awadh.My-AppUITests";
				PRODUCT_NAME = "$(TARGET_NAME)";
				SDKROOT = auto;
				SUPPORTED_PLATFORMS = "iphoneos iphonesimulator macosx";
				SWIFT_EMIT_LOC_STRINGS = NO;
				SWIFT_VERSION = 5.0;
				TARGETED_DEVICE_FAMILY = "1,2";
				TEST_TARGET_NAME = "My App";
			};
			name = Release;
		};
/* End XCBuildConfiguration section */

/* Begin XCConfigurationList section */
		33B106F92A46D0E600AD0325 /* Build configuration list for PBXProject "My App" */ = {
			isa = XCConfigurationList;
			buildConfigurations = (
				33B107212A46D0E800AD0325 /* Debug */,
				33B107222A46D0E800AD0325 /* Release */,
			);
			defaultConfigurationIsVisible = 0;
			defaultConfigurationName = Release;
		};
		33B107232A46D0E800AD0325 /* Build configuration list for PBXNativeTarget "My App" */ = {
			isa = XCConfigurationList;
			buildConfigurations = (
				33B107242A46D0E800AD0325 /* Debug */,
				33B107252A46D0E800AD0325 /* Release */,
			);
			defaultConfigurationIsVisible = 0;
			defaultConfigurationName = Release;
		};
		33B107262A46D0E800AD0325 /* Build configuration list for PBXNativeTarget "My AppTests" */ = {
			isa = XCConfigurationList;
			buildConfigurations = (
				33B107272A46D0E800AD0325 /* Debug */,
				33B107282A46D0E800AD0325 /* Release */,
			);
			defaultConfigurationIsVisible = 0;
			defaultConfigurationName = Release;
		};
		33B107292A46D0E800AD0325 /* Build configuration list for PBXNativeTarget "My AppUITests" */ = {
			isa = XCConfigurationList;
			buildConfigurations = (
				33B1072A2A46D0E800AD0325 /* Debug */,
				33B1072B2A46D0E800AD0325 /* Release */,
			);
			defaultConfigurationIsVisible = 0;
			defaultConfigurationName = Release;
		};
/* End XCConfigurationList section */
	};
	rootObject = 33B106F62A46D0E600AD0325 /* Project object */;
}
